
Microsoft Visual Studio Solution File, Format Version 12.00
# Visual Studio Version 17
VisualStudioVersion = 17.5.33414.496
MinimumVisualStudioVersion = 10.0.40219.1
Project("{FAE04EC0-301F-11D3-BF4B-00C04F79EFBC}") = "tpmodul5_1302210112", "tpmodul5_1302210112\tpmodul5_1302210112.csproj", "{C04970B8-461F-4F1C-929D-EB77CDC0C77B}"
EndProject
Global
	GlobalSection(SolutionConfigurationPlatforms) = preSolution
		Debug|Any CPU = Debug|Any CPU
		Release|Any CPU = Release|Any CPU
	EndGlobalSection
	GlobalSection(ProjectConfigurationPlatforms) = postSolution
		{C04970B8-461F-4F1C-929D-EB77CDC0C77B}.Debug|Any CPU.ActiveCfg = Debug|Any CPU
		{C04970B8-461F-4F1C-929D-EB77CDC0C77B}.Debug|Any CPU.Build.0 = Debug|Any CPU
		{C04970B8-461F-4F1C-929D-EB77CDC0C77B}.Release|Any CPU.ActiveCfg = Release|Any CPU
		{C04970B8-461F-4F1C-929D-EB77CDC0C77B}.Release|Any CPU.Build.0 = Release|Any CPU
	EndGlobalSection
	GlobalSection(SolutionProperties) = preSolution
		HideSolutionNode = FALSE
	EndGlobalSection
	GlobalSection(ExtensibilityGlobals) = postSolution
		SolutionGuid = {1C928E02-15DF-4C46-BDD0-E2DC1E7CD0B3}
	EndGlobalSection
EndGlobal
